
Microsoft Visual Studio Solution File, Format Version 12.00
# Visual Studio Version 17
VisualStudioVersion = 17.11.35303.130
MinimumVisualStudioVersion = 10.0.40219.1
Project("{9A19103F-16F7-4668-BE54-9A1E7A4F7556}") = "SPAN_League_ranking", "SPAN_League_ranking.csproj", "{F6BD3F06-F34A-440F-AFF0-79BFE2CCAA94}"
EndProject
Project("{2150E333-8FDC-42A3-9474-1A3956D46DE8}") = "src", "src", "{3DCB8B5D-ABD8-40CE-BBB1-BBFC1CEE1FBE}"
EndProject
Global
	GlobalSection(SolutionConfigurationPlatforms) = preSolution
		Debug|Any CPU = Debug|Any CPU
		Release|Any CPU = Release|Any CPU
	EndGlobalSection
	GlobalSection(ProjectConfigurationPlatforms) = postSolution
		{F6BD3F06-F34A-440F-AFF0-79BFE2CCAA94}.Debug|Any CPU.ActiveCfg = Debug|Any CPU
		{F6BD3F06-F34A-440F-AFF0-79BFE2CCAA94}.Debug|Any CPU.Build.0 = Debug|Any CPU
		{F6BD3F06-F34A-440F-AFF0-79BFE2CCAA94}.Release|Any CPU.ActiveCfg = Release|Any CPU
		{F6BD3F06-F34A-440F-AFF0-79BFE2CCAA94}.Release|Any CPU.Build.0 = Release|Any CPU
	EndGlobalSection
	GlobalSection(SolutionProperties) = preSolution
		HideSolutionNode = FALSE
	EndGlobalSection
	GlobalSection(NestedProjects) = preSolution
		{F6BD3F06-F34A-440F-AFF0-79BFE2CCAA94} = {3DCB8B5D-ABD8-40CE-BBB1-BBFC1CEE1FBE}
	EndGlobalSection
	GlobalSection(ExtensibilityGlobals) = postSolution
		SolutionGuid = {A9D74FD2-DDAC-487C-8C67-6C8DB4F8DC8C}
	EndGlobalSection
EndGlobal
